lockfileVersion: 5.4

specifiers:
  mongodb: ^4.6.0

dependencies:
  mongodb: registry.npmmirror.com/mongodb/4.6.0

packages:

  registry.npmmirror.com/@types/node/17.0.35:
    resolution: {integrity: sha512-vu1SrqBjbbZ3J6vwY17jBs8Sr/BKA+/a/WtjRG+whKg1iuLFOosq872EXS0eXWILdO36DHQQeku/ZcL6hz2fpg==, registry: https://registry.npm.taobao.org/, tarball: https://registry.npmmirror.com/@types/node/-/node-17.0.35.tgz}
    name: '@types/node'
    version: 17.0.35
    dev: false

  registry.npmmirror.com/@types/webidl-conversions/6.1.1:
    resolution: {integrity: sha512-XAahCdThVuCFDQLT7R7Pk/vqeObFNL3YqRyFZg+AqAP/W1/w3xHaIxuW7WszQqTbIBOPRcItYJIou3i/mppu3Q==, registry: https://registry.npm.taobao.org/, tarball: https://registry.npmmirror.com/@types/webidl-conversions/-/webidl-conversions-6.1.1.tgz}
    name: '@types/webidl-conversions'
    version: 6.1.1
    dev: false

  registry.npmmirror.com/@types/whatwg-url/8.2.1:
    resolution: {integrity: sha512-2YubE1sjj5ifxievI5Ge1sckb9k/Er66HyR2c+3+I6VDUUg1TLPdYYTEbQ+DjRkS4nTxMJhgWfSfMRD2sl2EYQ==, registry: https://registry.npm.taobao.org/, tarball: https://registry.npmmirror.com/@types/whatwg-url/-/whatwg-url-8.2.1.tgz}
    name: '@types/whatwg-url'
    version: 8.2.1
    dependencies:
      '@types/node': registry.npmmirror.com/@types/node/17.0.35
      '@types/webidl-conversions': registry.npmmirror.com/@types/webidl-conversions/6.1.1
    dev: false

  registry.npmmirror.com/base64-js/1.5.1:
    resolution: {integrity: sha512-AKpaYlHn8t4SVbOHCy+b5+KKgvR4vrsD8vbvrbiQJps7fKDTkjkDry6ji0rUJjC0kzbNePLwzxq8iypo41qeWA==, registry: https://registry.npm.taobao.org/, tarball: https://registry.npmmirror.com/base64-js/-/base64-js-1.5.1.tgz}
    name: base64-js
    version: 1.5.1
    dev: false

  registry.npmmirror.com/bson/4.6.4:
    resolution: {integrity: sha512-TdQ3FzguAu5HKPPlr0kYQCyrYUYh8tFM+CMTpxjNzVzxeiJY00Rtuj3LXLHSgiGvmaWlZ8PE+4KyM2thqE38pQ==, registry: https://registry.npm.taobao.org/, tarball: https://registry.npmmirror.com/bson/-/bson-4.6.4.tgz}
    name: bson
    version: 4.6.4
    engines: {node: '>=6.9.0'}
    dependencies:
      buffer: registry.npmmirror.com/buffer/5.7.1
    dev: false

  registry.npmmirror.com/buffer/5.7.1:
    resolution: {integrity: sha512-EHcyIPBQ4BSGlvjB16k5KgAJ27CIsHY/2JBmCRReo48y9rQ3MaUzWX3KVlBa4U7MyX02HdVj0K7C3WaB3ju7FQ==, registry: https://registry.npm.taobao.org/, tarball: https://registry.npmmirror.com/buffer/-/buffer-5.7.1.tgz}
    name: buffer
    version: 5.7.1
    dependencies:
      base64-js: registry.npmmirror.com/base64-js/1.5.1
      ieee754: registry.npmmirror.com/ieee754/1.2.1
    dev: false

  registry.npmmirror.com/denque/2.0.1:
    resolution: {integrity: sha512-tfiWc6BQLXNLpNiR5iGd0Ocu3P3VpxfzFiqubLgMfhfOw9WyvgJBd46CClNn9k3qfbjvT//0cf7AlYRX/OslMQ==, registry: https://registry.npm.taobao.org/, tarball: https://registry.npmmirror.com/denque/-/denque-2.0.1.tgz}
    name: denque
    version: 2.0.1
    engines: {node: '>=0.10'}
    dev: false

  registry.npmmirror.com/ieee754/1.2.1:
    resolution: {integrity: sha512-dcyqhDvX1C46lXZcVqCpK+FtMRQVdIMN6/Df5js2zouUsqG7I6sFxitIC+7KYK29KdXOLHdu9zL4sFnoVQnqaA==, registry: https://registry.npm.taobao.org/, tarball: https://registry.npmmirror.com/ieee754/-/ieee754-1.2.1.tgz}
    name: ieee754
    version: 1.2.1
    dev: false

  registry.npmmirror.com/ip/1.1.8:
    resolution: {integrity: sha512-PuExPYUiu6qMBQb4l06ecm6T6ujzhmh+MeJcW9wa89PoAz5pvd4zPgN5WJV104mb6S2T1AwNIAaB70JNrLQWhg==, registry: https://registry.npm.taobao.org/, tarball: https://registry.npmmirror.com/ip/-/ip-1.1.8.tgz}
    name: ip
    version: 1.1.8
    dev: false

  registry.npmmirror.com/memory-pager/1.5.0:
    resolution: {integrity: sha512-ZS4Bp4r/Zoeq6+NLJpP+0Zzm0pR8whtGPf1XExKLJBAczGMnSi3It14OiNCStjQjM6NU1okjQGSxgEZN8eBYKg==, registry: https://registry.npm.taobao.org/, tarball: https://registry.npmmirror.com/memory-pager/-/memory-pager-1.5.0.tgz}
    name: memory-pager
    version: 1.5.0
    dev: false
    optional: true

  registry.npmmirror.com/mongodb-connection-string-url/2.5.2:
    resolution: {integrity: sha512-tWDyIG8cQlI5k3skB6ywaEA5F9f5OntrKKsT/Lteub2zgwSUlhqEN2inGgBTm8bpYJf8QYBdA/5naz65XDpczA==, registry: https://registry.npm.taobao.org/, tarball: https://registry.npmmirror.com/mongodb-connection-string-url/-/mongodb-connection-string-url-2.5.2.tgz}
    name: mongodb-connection-string-url
    version: 2.5.2
    dependencies:
      '@types/whatwg-url': registry.npmmirror.com/@types/whatwg-url/8.2.1
      whatwg-url: registry.npmmirror.com/whatwg-url/11.0.0
    dev: false

  registry.npmmirror.com/mongodb/4.6.0:
    resolution: {integrity: sha512-1gsxVXmjFTPJ+CkMG9olE4bcVsyY8lBJN9m5B5vj+LZ7wkBqq3PO8RVmNX9GwCBOBz1KV0zM00vPviUearSv7A==, registry: https://registry.npm.taobao.org/, tarball: https://registry.npmmirror.com/mongodb/-/mongodb-4.6.0.tgz}
    name: mongodb
    version: 4.6.0
    engines: {node: '>=12.9.0'}
    dependencies:
      bson: registry.npmmirror.com/bson/4.6.4
      denque: registry.npmmirror.com/denque/2.0.1
      mongodb-connection-string-url: registry.npmmirror.com/mongodb-connection-string-url/2.5.2
      socks: registry.npmmirror.com/socks/2.6.2
    optionalDependencies:
      saslprep: registry.npmmirror.com/saslprep/1.0.3
    dev: false

  registry.npmmirror.com/punycode/2.1.1:
    resolution: {integrity: sha512-XRsRjdf+j5ml+y/6GKHPZbrF/8p2Yga0JPtdqTIY2Xe5ohJPD9saDJJLPvp9+NSBprVvevdXZybnj2cv8OEd0A==, registry: https://registry.npm.taobao.org/, tarball: https://registry.npmmirror.com/punycode/-/punycode-2.1.1.tgz}
    name: punycode
    version: 2.1.1
    engines: {node: '>=6'}
    dev: false

  registry.npmmirror.com/saslprep/1.0.3:
    resolution: {integrity: sha512-/MY/PEMbk2SuY5sScONwhUDsV2p77Znkb/q3nSVstq/yQzYJOH/Azh29p9oJLsl3LnQwSvZDKagDGBsBwSooag==, registry: https://registry.npm.taobao.org/, tarball: https://registry.npmmirror.com/saslprep/-/saslprep-1.0.3.tgz}
    name: saslprep
    version: 1.0.3
    engines: {node: '>=6'}
    requiresBuild: true
    dependencies:
      sparse-bitfield: registry.npmmirror.com/sparse-bitfield/3.0.3
    dev: false
    optional: true

  registry.npmmirror.com/smart-buffer/4.2.0:
    resolution: {integrity: sha512-94hK0Hh8rPqQl2xXc3HsaBoOXKV20MToPkcXvwbISWLEs+64sBq5kFgn2kJDHb1Pry9yrP0dxrCI9RRci7RXKg==, registry: https://registry.npm.taobao.org/, tarball: https://registry.npmmirror.com/smart-buffer/-/smart-buffer-4.2.0.tgz}
    name: smart-buffer
    version: 4.2.0
    engines: {node: '>= 6.0.0', npm: '>= 3.0.0'}
    dev: false

  registry.npmmirror.com/socks/2.6.2:
    resolution: {integrity: sha512-zDZhHhZRY9PxRruRMR7kMhnf3I8hDs4S3f9RecfnGxvcBHQcKcIH/oUcEWffsfl1XxdYlA7nnlGbbTvPz9D8gA==, registry: https://registry.npm.taobao.org/, tarball: https://registry.npmmirror.com/socks/-/socks-2.6.2.tgz}
    name: socks
    version: 2.6.2
    engines: {node: '>= 10.13.0', npm: '>= 3.0.0'}
    dependencies:
      ip: registry.npmmirror.com/ip/1.1.8
      smart-buffer: registry.npmmirror.com/smart-buffer/4.2.0
    dev: false

  registry.npmmirror.com/sparse-bitfield/3.0.3:
    resolution: {integrity: sha512-kvzhi7vqKTfkh0PZU+2D2PIllw2ymqJKujUcyPMd9Y75Nv4nPbGJZXNhxsgdQab2BmlDct1YnfQCguEvHr7VsQ==, registry: https://registry.npm.taobao.org/, tarball: https://registry.npmmirror.com/sparse-bitfield/-/sparse-bitfield-3.0.3.tgz}
    name: sparse-bitfield
    version: 3.0.3
    dependencies:
      memory-pager: registry.npmmirror.com/memory-pager/1.5.0
    dev: false
    optional: true

  registry.npmmirror.com/tr46/3.0.0:
    resolution: {integrity: sha512-l7FvfAHlcmulp8kr+flpQZmVwtu7nfRV7NZujtN0OqES8EL4O4e0qqzL0DC5gAvx/ZC/9lk6rhcUwYvkBnBnYA==, registry: https://registry.npm.taobao.org/, tarball: https://registry.npmmirror.com/tr46/-/tr46-3.0.0.tgz}
    name: tr46
    version: 3.0.0
    engines: {node: '>=12'}
    dependencies:
      punycode: registry.npmmirror.com/punycode/2.1.1
    dev: false

  registry.npmmirror.com/webidl-conversions/7.0.0:
    resolution: {integrity: sha512-VwddBukDzu71offAQR975unBIGqfKZpM+8ZX6ySk8nYhVoo5CYaZyzt3YBvYtRtO+aoGlqxPg/B87NGVZ/fu6g==, registry: https://registry.npm.taobao.org/, tarball: https://registry.npmmirror.com/webidl-conversions/-/webidl-conversions-7.0.0.tgz}
    name: webidl-conversions
    version: 7.0.0
    engines: {node: '>=12'}
    dev: false

  registry.npmmirror.com/whatwg-url/11.0.0:
    resolution: {integrity: sha512-RKT8HExMpoYx4igMiVMY83lN6UeITKJlBQ+vR/8ZJ8OCdSiN3RwCq+9gH0+Xzj0+5IrM6i4j/6LuvzbZIQgEcQ==, registry: https://registry.npm.taobao.org/, tarball: https://registry.npmmirror.com/whatwg-url/-/whatwg-url-11.0.0.tgz}
    name: whatwg-url
    version: 11.0.0
    engines: {node: '>=12'}
    dependencies:
      tr46: registry.npmmirror.com/tr46/3.0.0
      webidl-conversions: registry.npmmirror.com/webidl-conversions/7.0.0
    dev: false
